
Microsoft Visual Studio Solution File, Format Version 12.00
# Visual Studio Version 16
VisualStudioVersion = 16.0.31025.194
MinimumVisualStudioVersion = 10.0.40219.1
Project("{FAE04EC0-301F-11D3-BF4B-00C04F79EFBC}") = "JWScheduler", "JWScheduler.csproj", "{6300FF0F-2D79-42E3-B633-B33E6F3765A3}"
EndProject
Project("{FAE04EC0-301F-11D3-BF4B-00C04F79EFBC}") = "Framework.Core", "..\..\Framework\Core\Framework.Core\Framework.Core.csproj", "{D0652A12-7531-42E0-9EB8-3BFD5DAB530A}"
EndProject
Project("{FAE04EC0-301F-11D3-BF4B-00C04F79EFBC}") = "Framework.WPF.Core", "..\..\Framework\WPF\Core\Framework.WPF.Core\Framework.WPF.Core.csproj", "{437B6D88-CB1A-41D2-BF1B-00C13CBB55F3}"
EndProject
Global
	GlobalSection(SolutionConfigurationPlatforms) = preSolution
		Debug|Any CPU = Debug|Any CPU
		Release|Any CPU = Release|Any CPU
	EndGlobalSection
	GlobalSection(ProjectConfigurationPlatforms) = postSolution
		{6300FF0F-2D79-42E3-B633-B33E6F3765A3}.Debug|Any CPU.ActiveCfg = Debug|Any CPU
		{6300FF0F-2D79-42E3-B633-B33E6F3765A3}.Debug|Any CPU.Build.0 = Debug|Any CPU
		{6300FF0F-2D79-42E3-B633-B33E6F3765A3}.Release|Any CPU.ActiveCfg = Release|Any CPU
		{6300FF0F-2D79-42E3-B633-B33E6F3765A3}.Release|Any CPU.Build.0 = Release|Any CPU
		{D0652A12-7531-42E0-9EB8-3BFD5DAB530A}.Debug|Any CPU.ActiveCfg = Debug|Any CPU
		{D0652A12-7531-42E0-9EB8-3BFD5DAB530A}.Debug|Any CPU.Build.0 = Debug|Any CPU
		{D0652A12-7531-42E0-9EB8-3BFD5DAB530A}.Release|Any CPU.ActiveCfg = Release|Any CPU
		{D0652A12-7531-42E0-9EB8-3BFD5DAB530A}.Release|Any CPU.Build.0 = Release|Any CPU
		{437B6D88-CB1A-41D2-BF1B-00C13CBB55F3}.Debug|Any CPU.ActiveCfg = Debug|Any CPU
		{437B6D88-CB1A-41D2-BF1B-00C13CBB55F3}.Debug|Any CPU.Build.0 = Debug|Any CPU
		{437B6D88-CB1A-41D2-BF1B-00C13CBB55F3}.Release|Any CPU.ActiveCfg = Release|Any CPU
		{437B6D88-CB1A-41D2-BF1B-00C13CBB55F3}.Release|Any CPU.Build.0 = Release|Any CPU
	EndGlobalSection
	GlobalSection(SolutionProperties) = preSolution
		HideSolutionNode = FALSE
	EndGlobalSection
	GlobalSection(ExtensibilityGlobals) = postSolution
		SolutionGuid = {927393E9-0F3E-422F-BF46-A8C8B9FC74BD}
	EndGlobalSection
EndGlobal
